
Microsoft Visual Studio Solution File, Format Version 12.00
# Visual Studio Version 17
VisualStudioVersion = 17.14.36518.9 d17.14
MinimumVisualStudioVersion = 10.0.40219.1
Project("{FAE04EC0-301F-11D3-BF4B-00C04F79EFBC}") = "Trabalho18Out", "Trabalho18Out\Trabalho18Out.csproj", "{A66B3FBA-9D6F-4C60-82D9-9F4FAC0D525B}"
EndProject
Global
	GlobalSection(SolutionConfigurationPlatforms) = preSolution
		Debug|Any CPU = Debug|Any CPU
		Release|Any CPU = Release|Any CPU
	EndGlobalSection
	GlobalSection(ProjectConfigurationPlatforms) = postSolution
		{A66B3FBA-9D6F-4C60-82D9-9F4FAC0D525B}.Debug|Any CPU.ActiveCfg = Debug|Any CPU
		{A66B3FBA-9D6F-4C60-82D9-9F4FAC0D525B}.Debug|Any CPU.Build.0 = Debug|Any CPU
		{A66B3FBA-9D6F-4C60-82D9-9F4FAC0D525B}.Release|Any CPU.ActiveCfg = Release|Any CPU
		{A66B3FBA-9D6F-4C60-82D9-9F4FAC0D525B}.Release|Any CPU.Build.0 = Release|Any CPU
	EndGlobalSection
	GlobalSection(SolutionProperties) = preSolution
		HideSolutionNode = FALSE
	EndGlobalSection
	GlobalSection(ExtensibilityGlobals) = postSolution
		SolutionGuid = {AA5730D7-2BBD-4875-9CC7-4023EF9A73BB}
	EndGlobalSection
EndGlobal
